
Microsoft Visual Studio Solution File, Format Version 12.00
# Visual Studio Version 17
VisualStudioVersion = 17.14.36221.1 d17.14
MinimumVisualStudioVersion = 10.0.40219.1
Project("{FAE04EC0-301F-11D3-BF4B-00C04F79EFBC}") = "CorporateResourcesAPI", "CorporateResourcesAPI\CorporateResourcesAPI.csproj", "{41842929-FE70-43F0-BB64-0D17BBB8C0CC}"
EndProject
Project("{FAE04EC0-301F-11D3-BF4B-00C04F79EFBC}") = "CorporateResources.Domain", "CorporateResources.Domain\CorporateResources.Domain.csproj", "{8A350AEE-9571-4D17-A77F-0CEECD89A7AE}"
EndProject
Project("{2150E333-8FDC-42A3-9474-1A3956D46DE8}") = "Shared", "Shared", "{02EA681E-C7D8-13C7-8484-4AC65E1B71E8}"
EndProject
Project("{FAE04EC0-301F-11D3-BF4B-00C04F79EFBC}") = "CorporateResources.Application", "CorporateResources.Application\CorporateResources.Application.csproj", "{77D8D5C8-F5C0-4CA1-A193-51900BDDD50B}"
EndProject
Project("{FAE04EC0-301F-11D3-BF4B-00C04F79EFBC}") = "CorporateResources.Infrastructure", "CorporateResources.Infrastructure\CorporateResources.Infrastructure.csproj", "{50D32231-2A4D-407A-9D15-916142098416}"
EndProject
Project("{FAE04EC0-301F-11D3-BF4B-00C04F79EFBC}") = "CorporateResources.Exceptions", "CorporateResources.Exceptions\CorporateResources.Exceptions.csproj", "{7BADBB87-9ADB-4196-8767-11F992920E09}"
EndProject
Global
	GlobalSection(SolutionConfigurationPlatforms) = preSolution
		Debug|Any CPU = Debug|Any CPU
		Release|Any CPU = Release|Any CPU
	EndGlobalSection
	GlobalSection(ProjectConfigurationPlatforms) = postSolution
		{41842929-FE70-43F0-BB64-0D17BBB8C0CC}.Debug|Any CPU.ActiveCfg = Debug|Any CPU
		{41842929-FE70-43F0-BB64-0D17BBB8C0CC}.Debug|Any CPU.Build.0 = Debug|Any CPU
		{41842929-FE70-43F0-BB64-0D17BBB8C0CC}.Release|Any CPU.ActiveCfg = Release|Any CPU
		{41842929-FE70-43F0-BB64-0D17BBB8C0CC}.Release|Any CPU.Build.0 = Release|Any CPU
		{8A350AEE-9571-4D17-A77F-0CEECD89A7AE}.Debug|Any CPU.ActiveCfg = Debug|Any CPU
		{8A350AEE-9571-4D17-A77F-0CEECD89A7AE}.Debug|Any CPU.Build.0 = Debug|Any CPU
		{8A350AEE-9571-4D17-A77F-0CEECD89A7AE}.Release|Any CPU.ActiveCfg = Release|Any CPU
		{8A350AEE-9571-4D17-A77F-0CEECD89A7AE}.Release|Any CPU.Build.0 = Release|Any CPU
		{77D8D5C8-F5C0-4CA1-A193-51900BDDD50B}.Debug|Any CPU.ActiveCfg = Debug|Any CPU
		{77D8D5C8-F5C0-4CA1-A193-51900BDDD50B}.Debug|Any CPU.Build.0 = Debug|Any CPU
		{77D8D5C8-F5C0-4CA1-A193-51900BDDD50B}.Release|Any CPU.ActiveCfg = Release|Any CPU
		{77D8D5C8-F5C0-4CA1-A193-51900BDDD50B}.Release|Any CPU.Build.0 = Release|Any CPU
		{50D32231-2A4D-407A-9D15-916142098416}.Debug|Any CPU.ActiveCfg = Debug|Any CPU
		{50D32231-2A4D-407A-9D15-916142098416}.Debug|Any CPU.Build.0 = Debug|Any CPU
		{50D32231-2A4D-407A-9D15-916142098416}.Release|Any CPU.ActiveCfg = Release|Any CPU
		{50D32231-2A4D-407A-9D15-916142098416}.Release|Any CPU.Build.0 = Release|Any CPU
		{7BADBB87-9ADB-4196-8767-11F992920E09}.Debug|Any CPU.ActiveCfg = Debug|Any CPU
		{7BADBB87-9ADB-4196-8767-11F992920E09}.Debug|Any CPU.Build.0 = Debug|Any CPU
		{7BADBB87-9ADB-4196-8767-11F992920E09}.Release|Any CPU.ActiveCfg = Release|Any CPU
		{7BADBB87-9ADB-4196-8767-11F992920E09}.Release|Any CPU.Build.0 = Release|Any CPU
	EndGlobalSection
	GlobalSection(SolutionProperties) = preSolution
		HideSolutionNode = FALSE
	EndGlobalSection
	GlobalSection(NestedProjects) = preSolution
		{7BADBB87-9ADB-4196-8767-11F992920E09} = {02EA681E-C7D8-13C7-8484-4AC65E1B71E8}
	EndGlobalSection
	GlobalSection(ExtensibilityGlobals) = postSolution
		SolutionGuid = {C7DA41F2-6487-403C-9F63-A96D60B3181B}
	EndGlobalSection
EndGlobal
